<?xml version="1.0" encoding="utf-8"?>
<Project ToolsVersion="4.0" xmlns="http://schemas.microsoft.com/developer/msbuild/2003">
  <ItemGroup>
    <Filter Include="Source Files">
      <UniqueIdentifier>{4FC737F1-C7A5-4376-A066-2A32D752A2FF}</UniqueIdentifier>
      <Extensions>cpp;c;cc;cxx;def;odl;idl;hpj;bat;asm;asmx</Extensions>
    </Filter>
    <Filter Include="Header Files">
      <UniqueIdentifier>{93995380-89BD-4b04-88EB-625FBE52EBFB}</UniqueIdentifier>
      <Extensions>h;hh;hpp;hxx;hm;inl;inc;ipp;xsd</Extensions>
    </Filter>
    <Filter Include="Resource Files">
      <UniqueIdentifier>{67DA6AB6-F800-4c08-8B7A-83BB121AAD01}</UniqueIdentifier>
      <Extensions>rc;ico;cur;bmp;dlg;rc2;rct;bin;rgs;gif;jpg;jpeg;jpe;resx;tiff;tif;png;wav;mfcribbon-ms</Extensions>
    </Filter>
  </ItemGroup>
  <ItemGroup>
    <ClInclude Include="pch.h">
      <Filter>Header Files</Filter>
    </ClInclude>
    <ClInclude Include="projekt_taxi.h">
      <Filter>Header Files</Filter>
    </ClInclude>
    <ClInclude Include="taxi.h">
      <Filter>Header Files</Filter>
    </ClInclude>
    <ClInclude Include="klienci.h">
      <Filter>Header Files</Filter>
    </ClInclude>
    <ClInclude Include="przejazdy.h">
      <Filter>Header Files</Filter>
    </ClInclude>
    <ClInclude Include="czas.h">
      <Filter>Header Files</Filter>
    </ClInclude>
    <ClInclude Include="faktury.h">
      <Filter>Header Files</Filter>
    </ClInclude>
  </ItemGroup>
  <ItemGroup>
    <ClCompile Include="pch.cpp">
      <Filter>Source Files</Filter>
    </ClCompile>
    <ClCompile Include="main.cpp">
      <Filter>Source Files</Filter>
    </ClCompile>
    <ClCompile Include="taxi.cpp">
      <Filter>Source Files</Filter>
    </ClCompile>
    <ClCompile Include="klienci.cpp">
      <Filter>Source Files</Filter>
    </ClCompile>
    <ClCompile Include="menu.cpp">
      <Filter>Source Files</Filter>
    </ClCompile>
    <ClCompile Include="przejazdy.cpp">
      <Filter>Source Files</Filter>
    </ClCompile>
    <ClCompile Include="dodaj_przejazd.cpp">
      <Filter>Source Files</Filter>
    </ClCompile>
    <ClCompile Include="wyswietl_menu.cpp">
      <Filter>Source Files</Filter>
    </ClCompile>
    <ClCompile Include="zapisz.cpp">
      <Filter>Source Files</Filter>
    </ClCompile>
    <ClCompile Include="wczytaj.cpp">
      <Filter>Source Files</Filter>
    </ClCompile>
    <ClCompile Include="dodaj_przejazd_klient.cpp">
      <Filter>Source Files</Filter>
    </ClCompile>
    <ClCompile Include="dodaj_przejazd_taxi.cpp">
      <Filter>Source Files</Filter>
    </ClCompile>
    <ClCompile Include="wyswietl_dodaj_przejazd_klient.cpp">
      <Filter>Source Files</Filter>
    </ClCompile>
    <ClCompile Include="wyswietl_dodaj_przejazd_taxi.cpp">
      <Filter>Source Files</Filter>
    </ClCompile>
    <ClCompile Include="zarzadzaj_klient.cpp">
      <Filter>Source Files</Filter>
    </ClCompile>
    <ClCompile Include="zarzadzaj_taxi.cpp">
      <Filter>Source Files</Filter>
    </ClCompile>
    <ClCompile Include="wyswietl_menu_taxi.cpp">
      <Filter>Source Files</Filter>
    </ClCompile>
    <ClCompile Include="wyswietl_menu_klient.cpp">
      <Filter>Source Files</Filter>
    </ClCompile>
    <ClCompile Include="menu_usuwania_taxi.cpp">
      <Filter>Source Files</Filter>
    </ClCompile>
    <ClCompile Include="menu_usuwania_klient.cpp">
      <Filter>Source Files</Filter>
    </ClCompile>
    <ClCompile Include="czekaj.cpp">
      <Filter>Source Files</Filter>
    </ClCompile>
    <ClCompile Include="nowe_taxi.cpp">
      <Filter>Source Files</Filter>
    </ClCompile>
    <ClCompile Include="nowy_klient.cpp">
      <Filter>Source Files</Filter>
    </ClCompile>
    <ClCompile Include="sortuj_taxi.cpp">
      <Filter>Source Files</Filter>
    </ClCompile>
    <ClCompile Include="sortuj_klient.cpp">
      <Filter>Source Files</Filter>
    </ClCompile>
    <ClCompile Include="czas.cpp">
      <Filter>Source Files</Filter>
    </ClCompile>
    <ClCompile Include="wyswietl_menu_faktury.cpp">
      <Filter>Source Files</Filter>
    </ClCompile>
    <ClCompile Include="menu_faktury.cpp">
      <Filter>Source Files</Filter>
    </ClCompile>
    <ClCompile Include="faktury.cpp">
      <Filter>Source Files</Filter>
    </ClCompile>
  </ItemGroup>
</Project>